
Microsoft Visual Studio Solution File, Format Version 12.00
# Visual Studio Version 17
VisualStudioVersion = 17.14.36203.30 d17.14
MinimumVisualStudioVersion = 10.0.40219.1
Project("{FAE04EC0-301F-11D3-BF4B-00C04F79EFBC}") = "UpBot", "UpBot\UpBot.csproj", "{87D14868-AB9E-41CB-B80F-A3575E0960BA}"
EndProject
Global
	GlobalSection(SolutionConfigurationPlatforms) = preSolution
		Debug|Any CPU = Debug|Any CPU
		Release|Any CPU = Release|Any CPU
	EndGlobalSection
	GlobalSection(ProjectConfigurationPlatforms) = postSolution
		{87D14868-AB9E-41CB-B80F-A3575E0960BA}.Debug|Any CPU.ActiveCfg = Debug|Any CPU
		{87D14868-AB9E-41CB-B80F-A3575E0960BA}.Debug|Any CPU.Build.0 = Debug|Any CPU
		{87D14868-AB9E-41CB-B80F-A3575E0960BA}.Release|Any CPU.ActiveCfg = Release|Any CPU
		{87D14868-AB9E-41CB-B80F-A3575E0960BA}.Release|Any CPU.Build.0 = Release|Any CPU
	EndGlobalSection
	GlobalSection(SolutionProperties) = preSolution
		HideSolutionNode = FALSE
	EndGlobalSection
	GlobalSection(ExtensibilityGlobals) = postSolution
		SolutionGuid = {7B7D50E9-3FCB-4DCD-A9D9-C4DEF6B31773}
	EndGlobalSection
EndGlobal
